
Microsoft Visual Studio Solution File, Format Version 12.00
# Visual Studio Version 17
VisualStudioVersion = 17.2.32616.157
MinimumVisualStudioVersion = 10.0.40219.1
Project("{FAE04EC0-301F-11D3-BF4B-00C04F79EFBC}") = "BeamApp", "BeamApp\BeamApp.csproj", "{74C7B352-BA48-4785-8479-AF3EB11887A7}"
EndProject
Project("{FAE04EC0-301F-11D3-BF4B-00C04F79EFBC}") = "ContourPlateApp", "ContourPlateApp\ContourPlateApp.csproj", "{52E0292D-D32D-4F01-BE24-4378F5BF7453}"
EndProject
Project("{FAE04EC0-301F-11D3-BF4B-00C04F79EFBC}") = "WinFormsTest", "WinFormsTest\WinFormsTest.csproj", "{5F90B0F8-7F41-4B8E-808C-81E534184362}"
EndProject
Global
	GlobalSection(SolutionConfigurationPlatforms) = preSolution
		Debug|Any CPU = Debug|Any CPU
		Release|Any CPU = Release|Any CPU
	EndGlobalSection
	GlobalSection(ProjectConfigurationPlatforms) = postSolution
		{74C7B352-BA48-4785-8479-AF3EB11887A7}.Debug|Any CPU.ActiveCfg = Debug|Any CPU
		{74C7B352-BA48-4785-8479-AF3EB11887A7}.Debug|Any CPU.Build.0 = Debug|Any CPU
		{74C7B352-BA48-4785-8479-AF3EB11887A7}.Release|Any CPU.ActiveCfg = Release|Any CPU
		{74C7B352-BA48-4785-8479-AF3EB11887A7}.Release|Any CPU.Build.0 = Release|Any CPU
		{52E0292D-D32D-4F01-BE24-4378F5BF7453}.Debug|Any CPU.ActiveCfg = Debug|Any CPU
		{52E0292D-D32D-4F01-BE24-4378F5BF7453}.Debug|Any CPU.Build.0 = Debug|Any CPU
		{52E0292D-D32D-4F01-BE24-4378F5BF7453}.Release|Any CPU.ActiveCfg = Release|Any CPU
		{52E0292D-D32D-4F01-BE24-4378F5BF7453}.Release|Any CPU.Build.0 = Release|Any CPU
		{5F90B0F8-7F41-4B8E-808C-81E534184362}.Debug|Any CPU.ActiveCfg = Debug|Any CPU
		{5F90B0F8-7F41-4B8E-808C-81E534184362}.Debug|Any CPU.Build.0 = Debug|Any CPU
		{5F90B0F8-7F41-4B8E-808C-81E534184362}.Release|Any CPU.ActiveCfg = Release|Any CPU
		{5F90B0F8-7F41-4B8E-808C-81E534184362}.Release|Any CPU.Build.0 = Release|Any CPU
	EndGlobalSection
	GlobalSection(SolutionProperties) = preSolution
		HideSolutionNode = FALSE
	EndGlobalSection
	GlobalSection(ExtensibilityGlobals) = postSolution
		SolutionGuid = {816F5F6D-8936-4ED4-8BD1-011D8E080BCF}
	EndGlobalSection
EndGlobal
